// !$*UTF8*$!
{
	archiveVersion = 1;
	classes = {
	};
	objectVersion = 56;
	objects = {

/* Begin PBXBuildFile section */
		6E1190BA2A7BE44E009FF504 /* FirebaseAppCheck in Frameworks */ = {isa = PBXBuildFile; productRef = 6E1190B92A7BE44E009FF504 /* FirebaseAppCheck */; };
		6E1190BC2A7BE44E009FF504 /* FirebaseAuth in Frameworks */ = {isa = PBXBuildFile; productRef = 6E1190BB2A7BE44E009FF504 /* FirebaseAuth */; };
		6E1190BE2A7BE44E009FF504 /* FirebaseAuthCombine-Community in Frameworks */ = {isa = PBXBuildFile; productRef = 6E1190BD2A7BE44E009FF504 /* FirebaseAuthCombine-Community */; };
		6E1190C02A7BE44E009FF504 /* FirebaseDatabase in Frameworks */ = {isa = PBXBuildFile; productRef = 6E1190BF2A7BE44E009FF504 /* FirebaseDatabase */; };
		6E1190C22A7BE44E009FF504 /* FirebaseDatabaseSwift in Frameworks */ = {isa = PBXBuildFile; productRef = 6E1190C12A7BE44E009FF504 /* FirebaseDatabaseSwift */; };
		6E1190C42A7BE44E009FF504 /* FirebaseFirestore in Frameworks */ = {isa = PBXBuildFile; productRef = 6E1190C32A7BE44E009FF504 /* FirebaseFirestore */; };
		6E1190C62A7BE44E009FF504 /* FirebaseFirestoreCombine-Community in Frameworks */ = {isa = PBXBuildFile; productRef = 6E1190C52A7BE44E009FF504 /* FirebaseFirestoreCombine-Community */; };
		6E1190C82A7BE44E009FF504 /* FirebaseFirestoreSwift in Frameworks */ = {isa = PBXBuildFile; productRef = 6E1190C72A7BE44E009FF504 /* FirebaseFirestoreSwift */; };
		6E1190CA2A7BE44E009FF504 /* FirebaseFunctions in Frameworks */ = {isa = PBXBuildFile; productRef = 6E1190C92A7BE44E009FF504 /* FirebaseFunctions */; };
		6E1190CC2A7BE44E009FF504 /* FirebaseInstallations in Frameworks */ = {isa = PBXBuildFile; productRef = 6E1190CB2A7BE44E009FF504 /* FirebaseInstallations */; };
		6E1190CE2A7BE44E009FF504 /* FirebaseStorage in Frameworks */ = {isa = PBXBuildFile; productRef = 6E1190CD2A7BE44E009FF504 /* FirebaseStorage */; };
		6E179AE82A8E877D00C18E89 /* GroupCreationView.swift in Sources */ = {isa = PBXBuildFile; fileRef = 6E179AE72A8E877D00C18E89 /* GroupCreationView.swift */; };
		6E179AEB2A8E88DD00C18E89 /* FLAnimatedImage in Frameworks */ = {isa = PBXBuildFile; productRef = 6E179AEA2A8E88DD00C18E89 /* FLAnimatedImage */; };
		6E27ECEE2A98ABBD00A1030A /* JoinGroupView.swift in Sources */ = {isa = PBXBuildFile; fileRef = 6E27ECED2A98ABBD00A1030A /* JoinGroupView.swift */; };
		6E27ECF02A98ADE500A1030A /* Shapes.swift in Sources */ = {isa = PBXBuildFile; fileRef = 6E27ECEF2A98ADE500A1030A /* Shapes.swift */; };
		6E33412D2A9A8BB400C7A3C8 /* GroupMemberView.swift in Sources */ = {isa = PBXBuildFile; fileRef = 6E33412C2A9A8BB400C7A3C8 /* GroupMemberView.swift */; };
		6E4385612A8E241A00F1248B /* GroupsViewModel.swift in Sources */ = {isa = PBXBuildFile; fileRef = 6E4385602A8E241A00F1248B /* GroupsViewModel.swift */; };
		6E4385632A8E28B000F1248B /* IndividualGroupView.swift in Sources */ = {isa = PBXBuildFile; fileRef = 6E4385622A8E28B000F1248B /* IndividualGroupView.swift */; };
		6E4B7B8C2A7E732F0080C10A /* SplashScreenNavigation.swift in Sources */ = {isa = PBXBuildFile; fileRef = 6E4B7B8B2A7E732F0080C10A /* SplashScreenNavigation.swift */; };
		6E4B7B912A7EFC570080C10A /* ProfileView.swift in Sources */ = {isa = PBXBuildFile; fileRef = 6E4B7B902A7EFC570080C10A /* ProfileView.swift */; };
		6E4B7B932A7EFCA70080C10A /* Groups.swift in Sources */ = {isa = PBXBuildFile; fileRef = 6E4B7B922A7EFCA70080C10A /* Groups.swift */; };
		6E4B7B962A7F04070080C10A /* HealthKitManager.swift in Sources */ = {isa = PBXBuildFile; fileRef = 6E4B7B952A7F04070080C10A /* HealthKitManager.swift */; };
		6E4F57C02A8FB38D00190879 /* StorageManager.swift in Sources */ = {isa = PBXBuildFile; fileRef = 6E4F57BF2A8FB38D00190879 /* StorageManager.swift */; };
		6E53D8AE2A7B008D0002AD88 /* OnBoardingModel.swift in Sources */ = {isa = PBXBuildFile; fileRef = 6E53D8AD2A7B008D0002AD88 /* OnBoardingModel.swift */; };
		6E53D8B12A7B01110002AD88 /* OnboardingVm.swift in Sources */ = {isa = PBXBuildFile; fileRef = 6E53D8B02A7B01110002AD88 /* OnboardingVm.swift */; };
		6E6BA3412A9AA24700763B7B /* LocationManager.swift in Sources */ = {isa = PBXBuildFile; fileRef = 6E6BA3402A9AA24700763B7B /* LocationManager.swift */; };
		6E83472B2A96B9130034CA12 /* IndividualGroupModel.swift in Sources */ = {isa = PBXBuildFile; fileRef = 6E83472A2A96B9130034CA12 /* IndividualGroupModel.swift */; };
		6E8D5C8E2A83D538007FD3AF /* AuthenticationViewModel.swift in Sources */ = {isa = PBXBuildFile; fileRef = 6E8D5C8D2A83D538007FD3AF /* AuthenticationViewModel.swift */; };
		6E8D5C902A841F0A007FD3AF /* GoogleService-Info.plist in Resources */ = {isa = PBXBuildFile; fileRef = 6E8D5C8F2A841F0A007FD3AF /* GoogleService-Info.plist */; };
		6EA3F31A2A8E93230077A115 /* GroupType.swift in Sources */ = {isa = PBXBuildFile; fileRef = 6EA3F3192A8E93230077A115 /* GroupType.swift */; };
		6EA3F3202A8EC9370077A115 /* PickerModel.swift in Sources */ = {isa = PBXBuildFile; fileRef = 6EA3F31F2A8EC9370077A115 /* PickerModel.swift */; };
		6EA5E1E22A8427EB006BB206 /* FirebaseUsersViewModel.swift in Sources */ = {isa = PBXBuildFile; fileRef = 6EA5E1E12A8427EB006BB206 /* FirebaseUsersViewModel.swift */; };
		6EA5E1E42A844CB7006BB206 /* GroupsModel.swift in Sources */ = {isa = PBXBuildFile; fileRef = 6EA5E1E32A844CB7006BB206 /* GroupsModel.swift */; };
		6EA5E1E62A844D07006BB206 /* PersonModel.swift in Sources */ = {isa = PBXBuildFile; fileRef = 6EA5E1E52A844D07006BB206 /* PersonModel.swift */; };
		6EA5E1E82A845029006BB206 /* SelectGroupTypeView.swift in Sources */ = {isa = PBXBuildFile; fileRef = 6EA5E1E72A845029006BB206 /* SelectGroupTypeView.swift */; };
		6EBB6D3E2A8F66FD0067473E /* ImageUploadManager.swift in Sources */ = {isa = PBXBuildFile; fileRef = 6EBB6D3D2A8F66FD0067473E /* ImageUploadManager.swift */; };
		6EBB6D432A8F6D380067473E /* ImageView.swift in Sources */ = {isa = PBXBuildFile; fileRef = 6EBB6D422A8F6D380067473E /* ImageView.swift */; };
		6EBB6D452A8F6D6E0067473E /* PhotoPicker.swift in Sources */ = {isa = PBXBuildFile; fileRef = 6EBB6D442A8F6D6E0067473E /* PhotoPicker.swift */; };
		6EBB6D472A8F6DB80067473E /* PhotoSelectionView.swift in Sources */ = {isa = PBXBuildFile; fileRef = 6EBB6D462A8F6DB80067473E /* PhotoSelectionView.swift */; };
		6EE706AA2A79ADEE0071C06B /* DashboardView.swift in Sources */ = {isa = PBXBuildFile; fileRef = 6EE706A92A79ADEE0071C06B /* DashboardView.swift */; };
		6EE706AC2A79C8D60071C06B /* Onboarding.swift in Sources */ = {isa = PBXBuildFile; fileRef = 6EE706AB2A79C8D60071C06B /* Onboarding.swift */; };
		6EEEAB282A75A33A00BE04CB /* TrackMeApp.swift in Sources */ = {isa = PBXBuildFile; fileRef = 6EEEAB272A75A33A00BE04CB /* TrackMeApp.swift */; };
		6EEEAB2A2A75A33A00BE04CB /* ContentView.swift in Sources */ = {isa = PBXBuildFile; fileRef = 6EEEAB292A75A33A00BE04CB /* ContentView.swift */; };
		6EEEAB2C2A75A33B00BE04CB /* Assets.xcassets in Resources */ = {isa = PBXBuildFile; fileRef = 6EEEAB2B2A75A33B00BE04CB /* Assets.xcassets */; };
		6EEEAB2F2A75A33B00BE04CB /* Preview Assets.xcassets in Resources */ = {isa = PBXBuildFile; fileRef = 6EEEAB2E2A75A33B00BE04CB /* Preview Assets.xcassets */; };
		6EEEAB312A75A33B00BE04CB /* Persistence.swift in Sources */ = {isa = PBXBuildFile; fileRef = 6EEEAB302A75A33B00BE04CB /* Persistence.swift */; };
		6EEEAB342A75A33B00BE04CB /* TrackMe.xcdatamodeld in Sources */ = {isa = PBXBuildFile; fileRef = 6EEEAB322A75A33B00BE04CB /* TrackMe.xcdatamodeld */; };
		6EEEAB3C2A75A55600BE04CB /* SplashScreen.swift in Sources */ = {isa = PBXBuildFile; fileRef = 6EEEAB3B2A75A55600BE04CB /* SplashScreen.swift */; };
		6EEEAB3E2A75C22200BE04CB /* LoginView.swift in Sources */ = {isa = PBXBuildFile; fileRef = 6EEEAB3D2A75C22200BE04CB /* LoginView.swift */; };
		6EFAAE4F2A81A58000710295 /* StepsModel.swift in Sources */ = {isa = PBXBuildFile; fileRef = 6EFAAE4E2A81A58000710295 /* StepsModel.swift */; };
/* End PBXBuildFile section */

/* Begin PBXFileReference section */
		6E179AE72A8E877D00C18E89 /* GroupCreationView.swift */ = {isa = PBXFileReference; lastKnownFileType = sourcecode.swift; path = GroupCreationView.swift; sourceTree = "<group>"; };
		6E27ECED2A98ABBD00A1030A /* JoinGroupView.swift */ = {isa = PBXFileReference; lastKnownFileType = sourcecode.swift; path = JoinGroupView.swift; sourceTree = "<group>"; usesTabs = 1; };
		6E27ECEF2A98ADE500A1030A /* Shapes.swift */ = {isa = PBXFileReference; lastKnownFileType = sourcecode.swift; path = Shapes.swift; sourceTree = "<group>"; };
		6E33412C2A9A8BB400C7A3C8 /* GroupMemberView.swift */ = {isa = PBXFileReference; lastKnownFileType = sourcecode.swift; path = GroupMemberView.swift; sourceTree = "<group>"; };
		6E4385602A8E241A00F1248B /* GroupsViewModel.swift */ = {isa = PBXFileReference; lastKnownFileType = sourcecode.swift; path = GroupsViewModel.swift; sourceTree = "<group>"; };
		6E4385622A8E28B000F1248B /* IndividualGroupView.swift */ = {isa = PBXFileReference; lastKnownFileType = sourcecode.swift; path = IndividualGroupView.swift; sourceTree = "<group>"; };
		6E4B7B8B2A7E732F0080C10A /* SplashScreenNavigation.swift */ = {isa = PBXFileReference; lastKnownFileType = sourcecode.swift; path = SplashScreenNavigation.swift; sourceTree = "<group>"; };
		6E4B7B902A7EFC570080C10A /* ProfileView.swift */ = {isa = PBXFileReference; lastKnownFileType = sourcecode.swift; path = ProfileView.swift; sourceTree = "<group>"; };
		6E4B7B922A7EFCA70080C10A /* Groups.swift */ = {isa = PBXFileReference; lastKnownFileType = sourcecode.swift; path = Groups.swift; sourceTree = "<group>"; };
		6E4B7B942A7F028A0080C10A /* TrackMe.entitlements */ = {isa = PBXFileReference; lastKnownFileType = text.plist.entitlements; path = TrackMe.entitlements; sourceTree = "<group>"; };
		6E4B7B952A7F04070080C10A /* HealthKitManager.swift */ = {isa = PBXFileReference; lastKnownFileType = sourcecode.swift; path = HealthKitManager.swift; sourceTree = "<group>"; };
		6E4F57BF2A8FB38D00190879 /* StorageManager.swift */ = {isa = PBXFileReference; lastKnownFileType = sourcecode.swift; path = StorageManager.swift; sourceTree = "<group>"; };
		6E53D8AD2A7B008D0002AD88 /* OnBoardingModel.swift */ = {isa = PBXFileReference; lastKnownFileType = sourcecode.swift; path = OnBoardingModel.swift; sourceTree = "<group>"; };
		6E53D8B02A7B01110002AD88 /* OnboardingVm.swift */ = {isa = PBXFileReference; lastKnownFileType = sourcecode.swift; path = OnboardingVm.swift; sourceTree = "<group>"; };
		6E6BA3402A9AA24700763B7B /* LocationManager.swift */ = {isa = PBXFileReference; lastKnownFileType = sourcecode.swift; path = LocationManager.swift; sourceTree = "<group>"; };
		6E6BA3422A9AA2B300763B7B /* Info.plist */ = {isa = PBXFileReference; lastKnownFileType = text.plist; path = Info.plist; sourceTree = "<group>"; };
		6E83472A2A96B9130034CA12 /* IndividualGroupModel.swift */ = {isa = PBXFileReference; lastKnownFileType = sourcecode.swift; path = IndividualGroupModel.swift; sourceTree = "<group>"; };
		6E8D5C8D2A83D538007FD3AF /* AuthenticationViewModel.swift */ = {isa = PBXFileReference; lastKnownFileType = sourcecode.swift; path = AuthenticationViewModel.swift; sourceTree = "<group>"; };
		6E8D5C8F2A841F0A007FD3AF /* GoogleService-Info.plist */ = {isa = PBXFileReference; fileEncoding = 4; lastKnownFileType = text.plist.xml; path = "GoogleService-Info.plist"; sourceTree = "<group>"; };
		6EA3F3192A8E93230077A115 /* GroupType.swift */ = {isa = PBXFileReference; lastKnownFileType = sourcecode.swift; path = GroupType.swift; sourceTree = "<group>"; };
		6EA3F31F2A8EC9370077A115 /* PickerModel.swift */ = {isa = PBXFileReference; lastKnownFileType = sourcecode.swift; path = PickerModel.swift; sourceTree = "<group>"; };
		6EA5E1E12A8427EB006BB206 /* FirebaseUsersViewModel.swift */ = {isa = PBXFileReference; lastKnownFileType = sourcecode.swift; path = FirebaseUsersViewModel.swift; sourceTree = "<group>"; };
		6EA5E1E32A844CB7006BB206 /* GroupsModel.swift */ = {isa = PBXFileReference; lastKnownFileType = sourcecode.swift; path = GroupsModel.swift; sourceTree = "<group>"; };
		6EA5E1E52A844D07006BB206 /* PersonModel.swift */ = {isa = PBXFileReference; lastKnownFileType = sourcecode.swift; path = PersonModel.swift; sourceTree = "<group>"; };
		6EA5E1E72A845029006BB206 /* SelectGroupTypeView.swift */ = {isa = PBXFileReference; lastKnownFileType = sourcecode.swift; path = SelectGroupTypeView.swift; sourceTree = "<group>"; };
		6EBB6D3D2A8F66FD0067473E /* ImageUploadManager.swift */ = {isa = PBXFileReference; lastKnownFileType = sourcecode.swift; path = ImageUploadManager.swift; sourceTree = "<group>"; };
		6EBB6D422A8F6D380067473E /* ImageView.swift */ = {isa = PBXFileReference; lastKnownFileType = sourcecode.swift; path = ImageView.swift; sourceTree = "<group>"; };
		6EBB6D442A8F6D6E0067473E /* PhotoPicker.swift */ = {isa = PBXFileReference; lastKnownFileType = sourcecode.swift; path = PhotoPicker.swift; sourceTree = "<group>"; };
		6EBB6D462A8F6DB80067473E /* PhotoSelectionView.swift */ = {isa = PBXFileReference; lastKnownFileType = sourcecode.swift; path = PhotoSelectionView.swift; sourceTree = "<group>"; };
		6EE706A92A79ADEE0071C06B /* DashboardView.swift */ = {isa = PBXFileReference; lastKnownFileType = sourcecode.swift; path = DashboardView.swift; sourceTree = "<group>"; };
		6EE706AB2A79C8D60071C06B /* Onboarding.swift */ = {isa = PBXFileReference; lastKnownFileType = sourcecode.swift; path = Onboarding.swift; sourceTree = "<group>"; };
		6EEEAB242A75A33A00BE04CB /* TrackMe.app */ = {isa = PBXFileReference; explicitFileType = wrapper.application; includeInIndex = 0; path = TrackMe.app; sourceTree = BUILT_PRODUCTS_DIR; };
		6EEEAB272A75A33A00BE04CB /* TrackMeApp.swift */ = {isa = PBXFileReference; lastKnownFileType = sourcecode.swift; path = TrackMeApp.swift; sourceTree = "<group>"; };
		6EEEAB292A75A33A00BE04CB /* ContentView.swift */ = {isa = PBXFileReference; lastKnownFileType = sourcecode.swift; path = ContentView.swift; sourceTree = "<group>"; };
		6EEEAB2B2A75A33B00BE04CB /* Assets.xcassets */ = {isa = PBXFileReference; lastKnownFileType = folder.assetcatalog; path = Assets.xcassets; sourceTree = "<group>"; };
		6EEEAB2E2A75A33B00BE04CB /* Preview Assets.xcassets */ = {isa = PBXFileReference; lastKnownFileType = folder.assetcatalog; path = "Preview Assets.xcassets"; sourceTree = "<group>"; };
		6EEEAB302A75A33B00BE04CB /* Persistence.swift */ = {isa = PBXFileReference; lastKnownFileType = sourcecode.swift; path = Persistence.swift; sourceTree = "<group>"; };
		6EEEAB332A75A33B00BE04CB /* TrackMe.xcdatamodel */ = {isa = PBXFileReference; lastKnownFileType = wrapper.xcdatamodel; path = TrackMe.xcdatamodel; sourceTree = "<group>"; };
		6EEEAB3B2A75A55600BE04CB /* SplashScreen.swift */ = {isa = PBXFileReference; lastKnownFileType = sourcecode.swift; path = SplashScreen.swift; sourceTree = "<group>"; };
		6EEEAB3D2A75C22200BE04CB /* LoginView.swift */ = {isa = PBXFileReference; lastKnownFileType = sourcecode.swift; path = LoginView.swift; sourceTree = "<group>"; };
		6EFAAE4E2A81A58000710295 /* StepsModel.swift */ = {isa = PBXFileReference; lastKnownFileType = sourcecode.swift; path = StepsModel.swift; sourceTree = "<group>"; };
/* End PBXFileReference section */

/* Begin PBXFrameworksBuildPhase section */
		6EEEAB212A75A33A00BE04CB /* Frameworks */ = {
			isa = PBXFrameworksBuildPhase;
			buildActionMask = 2147483647;
			files = (
				6E1190C22A7BE44E009FF504 /* FirebaseDatabaseSwift in Frameworks */,
				6E1190BA2A7BE44E009FF504 /* FirebaseAppCheck in Frameworks */,
				6E1190BE2A7BE44E009FF504 /* FirebaseAuthCombine-Community in Frameworks */,
				6E179AEB2A8E88DD00C18E89 /* FLAnimatedImage in Frameworks */,
				6E1190CA2A7BE44E009FF504 /* FirebaseFunctions in Frameworks */,
				6E1190C02A7BE44E009FF504 /* FirebaseDatabase in Frameworks */,
				6E1190BC2A7BE44E009FF504 /* FirebaseAuth in Frameworks */,
				6E1190C42A7BE44E009FF504 /* FirebaseFirestore in Frameworks */,
				6E1190C62A7BE44E009FF504 /* FirebaseFirestoreCombine-Community in Frameworks */,
				6E1190CE2A7BE44E009FF504 /* FirebaseStorage in Frameworks */,
				6E1190C82A7BE44E009FF504 /* FirebaseFirestoreSwift in Frameworks */,
				6E1190CC2A7BE44E009FF504 /* FirebaseInstallations in Frameworks */,
			);
			runOnlyForDeploymentPostprocessing = 0;
		};
/* End PBXFrameworksBuildPhase section */

/* Begin PBXGroup section */
		6E4B7B8D2A7EFBC30080C10A /* Components */ = {
			isa = PBXGroup;
			children = (
				6EBB6D412A8F6D180067473E /* PhotoPicker */,
				6E33412C2A9A8BB400C7A3C8 /* GroupMemberView.swift */,
			);
			path = Components;
			sourceTree = "<group>";
		};
		6E53D8AC2A7B00400002AD88 /* Models */ = {
			isa = PBXGroup;
			children = (
				6E53D8AD2A7B008D0002AD88 /* OnBoardingModel.swift */,
				6EFAAE4E2A81A58000710295 /* StepsModel.swift */,
				6EA5E1E32A844CB7006BB206 /* GroupsModel.swift */,
				6EA5E1E52A844D07006BB206 /* PersonModel.swift */,
				6EA3F3192A8E93230077A115 /* GroupType.swift */,
				6EA3F31F2A8EC9370077A115 /* PickerModel.swift */,
				6E83472A2A96B9130034CA12 /* IndividualGroupModel.swift */,
			);
			path = Models;
			sourceTree = "<group>";
		};
		6E53D8AF2A7B00FC0002AD88 /* ViewModels */ = {
			isa = PBXGroup;
			children = (
				6E4B7B8B2A7E732F0080C10A /* SplashScreenNavigation.swift */,
				6E53D8B02A7B01110002AD88 /* OnboardingVm.swift */,
				6E4B7B952A7F04070080C10A /* HealthKitManager.swift */,
				6E8D5C8D2A83D538007FD3AF /* AuthenticationViewModel.swift */,
				6EA5E1E12A8427EB006BB206 /* FirebaseUsersViewModel.swift */,
				6E4385602A8E241A00F1248B /* GroupsViewModel.swift */,
				6EBB6D3D2A8F66FD0067473E /* ImageUploadManager.swift */,
				6E4F57BF2A8FB38D00190879 /* StorageManager.swift */,
				6E27ECEF2A98ADE500A1030A /* Shapes.swift */,
				6E6BA3402A9AA24700763B7B /* LocationManager.swift */,
			);
			path = ViewModels;
			sourceTree = "<group>";
		};
		6EBB6D412A8F6D180067473E /* PhotoPicker */ = {
			isa = PBXGroup;
			children = (
				6EBB6D422A8F6D380067473E /* ImageView.swift */,
				6EBB6D442A8F6D6E0067473E /* PhotoPicker.swift */,
				6EBB6D462A8F6DB80067473E /* PhotoSelectionView.swift */,
			);
			path = PhotoPicker;
			sourceTree = "<group>";
		};
		6EEEAB1B2A75A33A00BE04CB = {
			isa = PBXGroup;
			children = (
				6E8D5C8F2A841F0A007FD3AF /* GoogleService-Info.plist */,
				6EEEAB262A75A33A00BE04CB /* TrackMe */,
				6EEEAB252A75A33A00BE04CB /* Products */,
			);
			sourceTree = "<group>";
		};
		6EEEAB252A75A33A00BE04CB /* Products */ = {
			isa = PBXGroup;
			children = (
				6EEEAB242A75A33A00BE04CB /* TrackMe.app */,
			);
			name = Products;
			sourceTree = "<group>";
		};
		6EEEAB262A75A33A00BE04CB /* TrackMe */ = {
			isa = PBXGroup;
			children = (
				6E6BA3422A9AA2B300763B7B /* Info.plist */,
				6E4B7B942A7F028A0080C10A /* TrackMe.entitlements */,
				6E4B7B8D2A7EFBC30080C10A /* Components */,
				6E53D8AF2A7B00FC0002AD88 /* ViewModels */,
				6E53D8AC2A7B00400002AD88 /* Models */,
				6EEEAB3A2A75A4A900BE04CB /* Views */,
				6EEEAB272A75A33A00BE04CB /* TrackMeApp.swift */,
				6EEEAB292A75A33A00BE04CB /* ContentView.swift */,
				6EEEAB2B2A75A33B00BE04CB /* Assets.xcassets */,
				6EEEAB302A75A33B00BE04CB /* Persistence.swift */,
				6EEEAB322A75A33B00BE04CB /* TrackMe.xcdatamodeld */,
				6EEEAB2D2A75A33B00BE04CB /* Preview Content */,
			);
			path = TrackMe;
			sourceTree = "<group>";
		};
		6EEEAB2D2A75A33B00BE04CB /* Preview Content */ = {
			isa = PBXGroup;
			children = (
				6EEEAB2E2A75A33B00BE04CB /* Preview Assets.xcassets */,
			);
			path = "Preview Content";
			sourceTree = "<group>";
		};
		6EEEAB3A2A75A4A900BE04CB /* Views */ = {
			isa = PBXGroup;
			children = (
				6EEEAB3B2A75A55600BE04CB /* SplashScreen.swift */,
				6EEEAB3D2A75C22200BE04CB /* LoginView.swift */,
				6EE706A92A79ADEE0071C06B /* DashboardView.swift */,
				6EE706AB2A79C8D60071C06B /* Onboarding.swift */,
				6E4B7B902A7EFC570080C10A /* ProfileView.swift */,
				6E4B7B922A7EFCA70080C10A /* Groups.swift */,
				6EA5E1E72A845029006BB206 /* SelectGroupTypeView.swift */,
				6E4385622A8E28B000F1248B /* IndividualGroupView.swift */,
				6E179AE72A8E877D00C18E89 /* GroupCreationView.swift */,
				6E27ECED2A98ABBD00A1030A /* JoinGroupView.swift */,
			);
			path = Views;
			sourceTree = "<group>";
		};
/* End PBXGroup section */

/* Begin PBXNativeTarget section */
		6EEEAB232A75A33A00BE04CB /* TrackMe */ = {
			isa = PBXNativeTarget;
			buildConfigurationList = 6EEEAB372A75A33B00BE04CB /* Build configuration list for PBXNativeTarget "TrackMe" */;
			buildPhases = (
				6EEEAB202A75A33A00BE04CB /* Sources */,
				6EEEAB212A75A33A00BE04CB /* Frameworks */,
				6EEEAB222A75A33A00BE04CB /* Resources */,
			);
			buildRules = (
			);
			dependencies = (
			);
			name = TrackMe;
			packageProductDependencies = (
				6E1190B92A7BE44E009FF504 /* FirebaseAppCheck */,
				6E1190BB2A7BE44E009FF504 /* FirebaseAuth */,
				6E1190BD2A7BE44E009FF504 /* FirebaseAuthCombine-Community */,
				6E1190BF2A7BE44E009FF504 /* FirebaseDatabase */,
				6E1190C12A7BE44E009FF504 /* FirebaseDatabaseSwift */,
				6E1190C32A7BE44E009FF504 /* FirebaseFirestore */,
				6E1190C52A7BE44E009FF504 /* FirebaseFirestoreCombine-Community */,
				6E1190C72A7BE44E009FF504 /* FirebaseFirestoreSwift */,
				6E1190C92A7BE44E009FF504 /* FirebaseFunctions */,
				6E1190CB2A7BE44E009FF504 /* FirebaseInstallations */,
				6E1190CD2A7BE44E009FF504 /* FirebaseStorage */,
				6E179AEA2A8E88DD00C18E89 /* FLAnimatedImage */,
			);
			productName = TrackMe;
			productReference = 6EEEAB242A75A33A00BE04CB /* TrackMe.app */;
			productType = "com.apple.product-type.application";
		};
/* End PBXNativeTarget section */

/* Begin PBXProject section */
		6EEEAB1C2A75A33A00BE04CB /* Project object */ = {
			isa = PBXProject;
			attributes = {
				BuildIndependentTargetsInParallel = 1;
				LastSwiftUpdateCheck = 1430;
				LastUpgradeCheck = 1430;
				TargetAttributes = {
					6EEEAB232A75A33A00BE04CB = {
						CreatedOnToolsVersion = 14.3.1;
					};
				};
			};
			buildConfigurationList = 6EEEAB1F2A75A33A00BE04CB /* Build configuration list for PBXProject "TrackMe" */;
			compatibilityVersion = "Xcode 14.0";
			developmentRegion = en;
			hasScannedForEncodings = 0;
			knownRegions = (
				en,
				Base,
			);
			mainGroup = 6EEEAB1B2A75A33A00BE04CB;
			packageReferences = (
				6E1190B82A7BE44E009FF504 /* XCRemoteSwiftPackageReference "firebase-ios-sdk" */,
				6E179AE92A8E88DD00C18E89 /* XCRemoteSwiftPackageReference "FLAnimatedImage" */,
			);
			productRefGroup = 6EEEAB252A75A33A00BE04CB /* Products */;
			projectDirPath = "";
			projectRoot = "";
			targets = (
				6EEEAB232A75A33A00BE04CB /* TrackMe */,
			);
		};
/* End PBXProject section */

/* Begin PBXResourcesBuildPhase section */
		6EEEAB222A75A33A00BE04CB /* Resources */ = {
			isa = PBXResourcesBuildPhase;
			buildActionMask = 2147483647;
			files = (
				6EEEAB2F2A75A33B00BE04CB /* Preview Assets.xcassets in Resources */,
				6EEEAB2C2A75A33B00BE04CB /* Assets.xcassets in Resources */,
				6E8D5C902A841F0A007FD3AF /* GoogleService-Info.plist in Resources */,
			);
			runOnlyForDeploymentPostprocessing = 0;
		};
/* End PBXResourcesBuildPhase section */

/* Begin PBXSourcesBuildPhase section */
		6EEEAB202A75A33A00BE04CB /* Sources */ = {
			isa = PBXSourcesBuildPhase;
			buildActionMask = 2147483647;
			files = (
				6E27ECEE2A98ABBD00A1030A /* JoinGroupView.swift in Sources */,
				6EEEAB3E2A75C22200BE04CB /* LoginView.swift in Sources */,
				6E4B7B912A7EFC570080C10A /* ProfileView.swift in Sources */,
				6EEEAB3C2A75A55600BE04CB /* SplashScreen.swift in Sources */,
				6EA5E1E42A844CB7006BB206 /* GroupsModel.swift in Sources */,
				6E4B7B8C2A7E732F0080C10A /* SplashScreenNavigation.swift in Sources */,
				6EEEAB312A75A33B00BE04CB /* Persistence.swift in Sources */,
				6E27ECF02A98ADE500A1030A /* Shapes.swift in Sources */,
				6EE706AA2A79ADEE0071C06B /* DashboardView.swift in Sources */,
				6EBB6D3E2A8F66FD0067473E /* ImageUploadManager.swift in Sources */,
				6EBB6D452A8F6D6E0067473E /* PhotoPicker.swift in Sources */,
				6E8D5C8E2A83D538007FD3AF /* AuthenticationViewModel.swift in Sources */,
				6E33412D2A9A8BB400C7A3C8 /* GroupMemberView.swift in Sources */,
				6EEEAB2A2A75A33A00BE04CB /* ContentView.swift in Sources */,
				6E53D8AE2A7B008D0002AD88 /* OnBoardingModel.swift in Sources */,
				6E4B7B962A7F04070080C10A /* HealthKitManager.swift in Sources */,
				6E4385612A8E241A00F1248B /* GroupsViewModel.swift in Sources */,
				6EEEAB282A75A33A00BE04CB /* TrackMeApp.swift in Sources */,
				6EE706AC2A79C8D60071C06B /* Onboarding.swift in Sources */,
				6EFAAE4F2A81A58000710295 /* StepsModel.swift in Sources */,
				6E179AE82A8E877D00C18E89 /* GroupCreationView.swift in Sources */,
				6EA5E1E62A844D07006BB206 /* PersonModel.swift in Sources */,
				6EBB6D432A8F6D380067473E /* ImageView.swift in Sources */,
				6EEEAB342A75A33B00BE04CB /* TrackMe.xcdatamodeld in Sources */,
				6E83472B2A96B9130034CA12 /* IndividualGroupModel.swift in Sources */,
				6EA5E1E22A8427EB006BB206 /* FirebaseUsersViewModel.swift in Sources */,
				6EA5E1E82A845029006BB206 /* SelectGroupTypeView.swift in Sources */,
				6EA3F31A2A8E93230077A115 /* GroupType.swift in Sources */,
				6EBB6D472A8F6DB80067473E /* PhotoSelectionView.swift in Sources */,
				6E53D8B12A7B01110002AD88 /* OnboardingVm.swift in Sources */,
				6E4385632A8E28B000F1248B /* IndividualGroupView.swift in Sources */,
				6EA3F3202A8EC9370077A115 /* PickerModel.swift in Sources */,
				6E4B7B932A7EFCA70080C10A /* Groups.swift in Sources */,
				6E4F57C02A8FB38D00190879 /* StorageManager.swift in Sources */,
				6E6BA3412A9AA24700763B7B /* LocationManager.swift in Sources */,
			);
			runOnlyForDeploymentPostprocessing = 0;
		};
/* End PBXSourcesBuildPhase section */

/* Begin XCBuildConfiguration section */
		6EEEAB352A75A33B00BE04CB /* Debug */ = {
			isa = XCBuildConfiguration;
			buildSettings = {
				ALWAYS_SEARCH_USER_PATHS = NO;
				CLANG_ANALYZER_NONNULL = YES;
				CLANG_ANALYZER_NUMBER_OBJECT_CONVERSION = YES_AGGRESSIVE;
				CLANG_CXX_LANGUAGE_STANDARD = "gnu++20";
				CLANG_ENABLE_MODULES = YES;
				CLANG_ENABLE_OBJC_ARC = YES;
				CLANG_ENABLE_OBJC_WEAK = YES;
				CLANG_WARN_BLOCK_CAPTURE_AUTORELEASING = YES;
				CLANG_WARN_BOOL_CONVERSION = YES;
				CLANG_WARN_COMMA = YES;
				CLANG_WARN_CONSTANT_CONVERSION = YES;
				CLANG_WARN_DEPRECATED_OBJC_IMPLEMENTATIONS = YES;
				CLANG_WARN_DIRECT_OBJC_ISA_USAGE = YES_ERROR;
				CLANG_WARN_DOCUMENTATION_COMMENTS = YES;
				CLANG_WARN_EMPTY_BODY = YES;
				CLANG_WARN_ENUM_CONVERSION = YES;
				CLANG_WARN_INFINITE_RECURSION = YES;
				CLANG_WARN_INT_CONVERSION = YES;
				CLANG_WARN_NON_LITERAL_NULL_CONVERSION = YES;
				CLANG_WARN_OBJC_IMPLICIT_RETAIN_SELF = YES;
				CLANG_WARN_OBJC_LITERAL_CONVERSION = YES;
				CLANG_WARN_OBJC_ROOT_CLASS = YES_ERROR;
				CLANG_WARN_QUOTED_INCLUDE_IN_FRAMEWORK_HEADER = YES;
				CLANG_WARN_RANGE_LOOP_ANALYSIS = YES;
				CLANG_WARN_STRICT_PROTOTYPES = YES;
				CLANG_WARN_SUSPICIOUS_MOVE = YES;
				CLANG_WARN_UNGUARDED_AVAILABILITY = YES_AGGRESSIVE;
				CLANG_WARN_UNREACHABLE_CODE = YES;
				CLANG_WARN__DUPLICATE_METHOD_MATCH = YES;
				COPY_PHASE_STRIP = NO;
				DEBUG_INFORMATION_FORMAT = dwarf;
				ENABLE_STRICT_OBJC_MSGSEND = YES;
				ENABLE_TESTABILITY = YES;
				GCC_C_LANGUAGE_STANDARD = gnu11;
				GCC_DYNAMIC_NO_PIC = NO;
				GCC_NO_COMMON_BLOCKS = YES;
				GCC_OPTIMIZATION_LEVEL = 0;
				GCC_PREPROCESSOR_DEFINITIONS = (
					"DEBUG=1",
					"$(inherited)",
				);
				GCC_WARN_64_TO_32_BIT_CONVERSION = YES;
				GCC_WARN_ABOUT_RETURN_TYPE = YES_ERROR;
				GCC_WARN_UNDECLARED_SELECTOR = YES;
				GCC_WARN_UNINITIALIZED_AUTOS = YES_AGGRESSIVE;
				GCC_WARN_UNUSED_FUNCTION = YES;
				GCC_WARN_UNUSED_VARIABLE = YES;
				IPHONEOS_DEPLOYMENT_TARGET = 16.4;
				MTL_ENABLE_DEBUG_INFO = INCLUDE_SOURCE;
				MTL_FAST_MATH = YES;
				ONLY_ACTIVE_ARCH = YES;
				SDKROOT = iphoneos;
				SWIFT_ACTIVE_COMPILATION_CONDITIONS = DEBUG;
				SWIFT_OPTIMIZATION_LEVEL = "-Onone";
			};
			name = Debug;
		};
		6EEEAB362A75A33B00BE04CB /* Release */ = {
			isa = XCBuildConfiguration;
			buildSettings = {
				ALWAYS_SEARCH_USER_PATHS = NO;
				CLANG_ANALYZER_NONNULL = YES;
				CLANG_ANALYZER_NUMBER_OBJECT_CONVERSION = YES_AGGRESSIVE;
				CLANG_CXX_LANGUAGE_STANDARD = "gnu++20";
				CLANG_ENABLE_MODULES = YES;
				CLANG_ENABLE_OBJC_ARC = YES;
				CLANG_ENABLE_OBJC_WEAK = YES;
				CLANG_WARN_BLOCK_CAPTURE_AUTORELEASING = YES;
				CLANG_WARN_BOOL_CONVERSION = YES;
				CLANG_WARN_COMMA = YES;
				CLANG_WARN_CONSTANT_CONVERSION = YES;
				CLANG_WARN_DEPRECATED_OBJC_IMPLEMENTATIONS = YES;
				CLANG_WARN_DIRECT_OBJC_ISA_USAGE = YES_ERROR;
				CLANG_WARN_DOCUMENTATION_COMMENTS = YES;
				CLANG_WARN_EMPTY_BODY = YES;
				CLANG_WARN_ENUM_CONVERSION = YES;
				CLANG_WARN_INFINITE_RECURSION = YES;
				CLANG_WARN_INT_CONVERSION = YES;
				CLANG_WARN_NON_LITERAL_NULL_CONVERSION = YES;
				CLANG_WARN_OBJC_IMPLICIT_RETAIN_SELF = YES;
				CLANG_WARN_OBJC_LITERAL_CONVERSION = YES;
				CLANG_WARN_OBJC_ROOT_CLASS = YES_ERROR;
				CLANG_WARN_QUOTED_INCLUDE_IN_FRAMEWORK_HEADER = YES;
				CLANG_WARN_RANGE_LOOP_ANALYSIS = YES;
				CLANG_WARN_STRICT_PROTOTYPES = YES;
				CLANG_WARN_SUSPICIOUS_MOVE = YES;
				CLANG_WARN_UNGUARDED_AVAILABILITY = YES_AGGRESSIVE;
				CLANG_WARN_UNREACHABLE_CODE = YES;
				CLANG_WARN__DUPLICATE_METHOD_MATCH = YES;
				COPY_PHASE_STRIP = NO;
				DEBUG_INFORMATION_FORMAT = "dwarf-with-dsym";
				ENABLE_NS_ASSERTIONS = NO;
				ENABLE_STRICT_OBJC_MSGSEND = YES;
				GCC_C_LANGUAGE_STANDARD = gnu11;
				GCC_NO_COMMON_BLOCKS = YES;
				GCC_WARN_64_TO_32_BIT_CONVERSION = YES;
				GCC_WARN_ABOUT_RETURN_TYPE = YES_ERROR;
				GCC_WARN_UNDECLARED_SELECTOR = YES;
				GCC_WARN_UNINITIALIZED_AUTOS = YES_AGGRESSIVE;
				GCC_WARN_UNUSED_FUNCTION = YES;
				GCC_WARN_UNUSED_VARIABLE = YES;
				IPHONEOS_DEPLOYMENT_TARGET = 16.4;
				MTL_ENABLE_DEBUG_INFO = NO;
				MTL_FAST_MATH = YES;
				SDKROOT = iphoneos;
				SWIFT_COMPILATION_MODE = wholemodule;
				SWIFT_OPTIMIZATION_LEVEL = "-O";
				VALIDATE_PRODUCT = YES;
			};
			name = Release;
		};
		6EEEAB382A75A33B00BE04CB /* Debug */ = {
			isa = XCBuildConfiguration;
			buildSettings = {
				ASSETCATALOG_COMPILER_APPICON_NAME = AppIcon;
				ASSETCATALOG_COMPILER_GLOBAL_ACCENT_COLOR_NAME = AccentColor;
				CODE_SIGN_ENTITLEMENTS = TrackMe/TrackMe.entitlements;
				CODE_SIGN_STYLE = Automatic;
				CURRENT_PROJECT_VERSION = 1;
				DEVELOPMENT_ASSET_PATHS = "\"TrackMe/Preview Content\"";
				DEVELOPMENT_TEAM = VARVZQCW82;
				ENABLE_PREVIEWS = YES;
				GENERATE_INFOPLIST_FILE = YES;
				INFOPLIST_FILE = TrackMe/Info.plist;
				INFOPLIST_KEY_LSApplicationCategoryType = "public.app-category.navigation";
				INFOPLIST_KEY_NSHealthShareUsageDescription = "Please allow us to track you health ";
				INFOPLIST_KEY_UIApplicationSceneManifest_Generation = YES;
				INFOPLIST_KEY_UIApplicationSupportsIndirectInputEvents = YES;
				INFOPLIST_KEY_UILaunchScreen_Generation = YES;
				INFOPLIST_KEY_UISupportedInterfaceOrientations_iPad = "UIInterfaceOrientationPortrait UIInterfaceOrientationPortraitUpsideDown UIInterfaceOrientationLandscapeLeft UIInterfaceOrientationLandscapeRight";
				INFOPLIST_KEY_UISupportedInterfaceOrientations_iPhone = "UIInterfaceOrientationPortrait UIInterfaceOrientationLandscapeLeft UIInterfaceOrientationLandscapeRight";
				LD_RUNPATH_SEARCH_PATHS = (
					"$(inherited)",
					"@executable_path/Frameworks",
				);
				MARKETING_VERSION = 1.0;
				PRODUCT_BUNDLE_IDENTIFIER = LeandervanAarde.TrackMe;
				PRODUCT_NAME = "$(TARGET_NAME)";
				SWIFT_EMIT_LOC_STRINGS = YES;
				SWIFT_VERSION = 5.0;
				TARGETED_DEVICE_FAMILY = "1,2";
			};
			name = Debug;
		};
		6EEEAB392A75A33B00BE04CB /* Release */ = {
			isa = XCBuildConfiguration;
			buildSettings = {
				ASSETCATALOG_COMPILER_APPICON_NAME = AppIcon;
				ASSETCATALOG_COMPILER_GLOBAL_ACCENT_COLOR_NAME = AccentColor;
				CODE_SIGN_ENTITLEMENTS = TrackMe/TrackMe.entitlements;
				CODE_SIGN_STYLE = Automatic;
				CURRENT_PROJECT_VERSION = 1;
				DEVELOPMENT_ASSET_PATHS = "\"TrackMe/Preview Content\"";
				DEVELOPMENT_TEAM = VARVZQCW82;
				ENABLE_PREVIEWS = YES;
				GENERATE_INFOPLIST_FILE = YES;
				INFOPLIST_FILE = TrackMe/Info.plist;
				INFOPLIST_KEY_LSApplicationCategoryType = "public.app-category.navigation";
				INFOPLIST_KEY_NSHealthShareUsageDescription = "Please allow us to track you health ";
				INFOPLIST_KEY_UIApplicationSceneManifest_Generation = YES;
				INFOPLIST_KEY_UIApplicationSupportsIndirectInputEvents = YES;
				INFOPLIST_KEY_UILaunchScreen_Generation = YES;
				INFOPLIST_KEY_UISupportedInterfaceOrientations_iPad = "UIInterfaceOrientationPortrait UIInterfaceOrientationPortraitUpsideDown UIInterfaceOrientationLandscapeLeft UIInterfaceOrientationLandscapeRight";
				INFOPLIST_KEY_UISupportedInterfaceOrientations_iPhone = "UIInterfaceOrientationPortrait UIInterfaceOrientationLandscapeLeft UIInterfaceOrientationLandscapeRight";
				LD_RUNPATH_SEARCH_PATHS = (
					"$(inherited)",
					"@executable_path/Frameworks",
				);
				MARKETING_VERSION = 1.0;
				PRODUCT_BUNDLE_IDENTIFIER = LeandervanAarde.TrackMe;
				PRODUCT_NAME = "$(TARGET_NAME)";
				SWIFT_EMIT_LOC_STRINGS = YES;
				SWIFT_VERSION = 5.0;
				TARGETED_DEVICE_FAMILY = "1,2";
			};
			name = Release;
		};
/* End XCBuildConfiguration section */

/* Begin XCConfigurationList section */
		6EEEAB1F2A75A33A00BE04CB /* Build configuration list for PBXProject "TrackMe" */ = {
			isa = XCConfigurationList;
			buildConfigurations = (
				6EEEAB352A75A33B00BE04CB /* Debug */,
				6EEEAB362A75A33B00BE04CB /* Release */,
			);
			defaultConfigurationIsVisible = 0;
			defaultConfigurationName = Release;
		};
		6EEEAB372A75A33B00BE04CB /* Build configuration list for PBXNativeTarget "TrackMe" */ = {
			isa = XCConfigurationList;
			buildConfigurations = (
				6EEEAB382A75A33B00BE04CB /* Debug */,
				6EEEAB392A75A33B00BE04CB /* Release */,
			);
			defaultConfigurationIsVisible = 0;
			defaultConfigurationName = Release;
		};
/* End XCConfigurationList section */

/* Begin XCRemoteSwiftPackageReference section */
		6E1190B82A7BE44E009FF504 /* XCRemoteSwiftPackageReference "firebase-ios-sdk" */ = {
			isa = XCRemoteSwiftPackageReference;
			repositoryURL = "https://github.com/firebase/firebase-ios-sdk";
			requirement = {
				kind = upToNextMajorVersion;
				minimumVersion = 10.0.0;
			};
		};
		6E179AE92A8E88DD00C18E89 /* XCRemoteSwiftPackageReference "FLAnimatedImage" */ = {
			isa = XCRemoteSwiftPackageReference;
			repositoryURL = "https://github.com/Flipboard/FLAnimatedImage";
			requirement = {
				kind = upToNextMajorVersion;
				minimumVersion = 1.0.0;
			};
		};
/* End XCRemoteSwiftPackageReference section */

/* Begin XCSwiftPackageProductDependency section */
		6E1190B92A7BE44E009FF504 /* FirebaseAppCheck */ = {
			isa = XCSwiftPackageProductDependency;
			package = 6E1190B82A7BE44E009FF504 /* XCRemoteSwiftPackageReference "firebase-ios-sdk" */;
			productName = FirebaseAppCheck;
		};
		6E1190BB2A7BE44E009FF504 /* FirebaseAuth */ = {
			isa = XCSwiftPackageProductDependency;
			package = 6E1190B82A7BE44E009FF504 /* XCRemoteSwiftPackageReference "firebase-ios-sdk" */;
			productName = FirebaseAuth;
		};
		6E1190BD2A7BE44E009FF504 /* FirebaseAuthCombine-Community */ = {
			isa = XCSwiftPackageProductDependency;
			package = 6E1190B82A7BE44E009FF504 /* XCRemoteSwiftPackageReference "firebase-ios-sdk" */;
			productName = "FirebaseAuthCombine-Community";
		};
		6E1190BF2A7BE44E009FF504 /* FirebaseDatabase */ = {
			isa = XCSwiftPackageProductDependency;
			package = 6E1190B82A7BE44E009FF504 /* XCRemoteSwiftPackageReference "firebase-ios-sdk" */;
			productName = FirebaseDatabase;
		};
		6E1190C12A7BE44E009FF504 /* FirebaseDatabaseSwift */ = {
			isa = XCSwiftPackageProductDependency;
			package = 6E1190B82A7BE44E009FF504 /* XCRemoteSwiftPackageReference "firebase-ios-sdk" */;
			productName = FirebaseDatabaseSwift;
		};
		6E1190C32A7BE44E009FF504 /* FirebaseFirestore */ = {
			isa = XCSwiftPackageProductDependency;
			package = 6E1190B82A7BE44E009FF504 /* XCRemoteSwiftPackageReference "firebase-ios-sdk" */;
			productName = FirebaseFirestore;
		};
		6E1190C52A7BE44E009FF504 /* FirebaseFirestoreCombine-Community */ = {
			isa = XCSwiftPackageProductDependency;
			package = 6E1190B82A7BE44E009FF504 /* XCRemoteSwiftPackageReference "firebase-ios-sdk" */;
			productName = "FirebaseFirestoreCombine-Community";
		};
		6E1190C72A7BE44E009FF504 /* FirebaseFirestoreSwift */ = {
			isa = XCSwiftPackageProductDependency;
			package = 6E1190B82A7BE44E009FF504 /* XCRemoteSwiftPackageReference "firebase-ios-sdk" */;
			productName = FirebaseFirestoreSwift;
		};
		6E1190C92A7BE44E009FF504 /* FirebaseFunctions */ = {
			isa = XCSwiftPackageProductDependency;
			package = 6E1190B82A7BE44E009FF504 /* XCRemoteSwiftPackageReference "firebase-ios-sdk" */;
			productName = FirebaseFunctions;
		};
		6E1190CB2A7BE44E009FF504 /* FirebaseInstallations */ = {
			isa = XCSwiftPackageProductDependency;
			package = 6E1190B82A7BE44E009FF504 /* XCRemoteSwiftPackageReference "firebase-ios-sdk" */;
			productName = FirebaseInstallations;
		};
		6E1190CD2A7BE44E009FF504 /* FirebaseStorage */ = {
			isa = XCSwiftPackageProductDependency;
			package = 6E1190B82A7BE44E009FF504 /* XCRemoteSwiftPackageReference "firebase-ios-sdk" */;
			productName = FirebaseStorage;
		};
		6E179AEA2A8E88DD00C18E89 /* FLAnimatedImage */ = {
			isa = XCSwiftPackageProductDependency;
			package = 6E179AE92A8E88DD00C18E89 /* XCRemoteSwiftPackageReference "FLAnimatedImage" */;
			productName = FLAnimatedImage;
		};
/* End XCSwiftPackageProductDependency section */

/* Begin XCVersionGroup section */
		6EEEAB322A75A33B00BE04CB /* TrackMe.xcdatamodeld */ = {
			isa = XCVersionGroup;
			children = (
				6EEEAB332A75A33B00BE04CB /* TrackMe.xcdatamodel */,
			);
			currentVersion = 6EEEAB332A75A33B00BE04CB /* TrackMe.xcdatamodel */;
			path = TrackMe.xcdatamodeld;
			sourceTree = "<group>";
			versionGroupType = wrapper.xcdatamodel;
		};
/* End XCVersionGroup section */
	};
	rootObject = 6EEEAB1C2A75A33A00BE04CB /* Project object */;
}
